// !$*UTF8*$!
{
	archiveVersion = 1;
	classes = {
	};
	objectVersion = 50;
	objects = {

/* Begin PBXBuildFile section */
		F34780CE256D4114005BD5A4 /* AppDelegate.swift in Sources */ = {isa = PBXBuildFile; fileRef = F34780CD256D4114005BD5A4 /* AppDelegate.swift */; };
		F34780D0256D4114005BD5A4 /* SceneDelegate.swift in Sources */ = {isa = PBXBuildFile; fileRef = F34780CF256D4114005BD5A4 /* SceneDelegate.swift */; };
		F34780D2256D4114005BD5A4 /* ViewController.swift in Sources */ = {isa = PBXBuildFile; fileRef = F34780D1256D4114005BD5A4 /* ViewController.swift */; };
		F34780D5256D4114005BD5A4 /* Main.storyboard in Resources */ = {isa = PBXBuildFile; fileRef = F34780D3256D4114005BD5A4 /* Main.storyboard */; };
		F34780D7256D4114005BD5A4 /* Assets.xcassets in Resources */ = {isa = PBXBuildFile; fileRef = F34780D6256D4114005BD5A4 /* Assets.xcassets */; };
		F34780DA256D4114005BD5A4 /* LaunchScreen.storyboard in Resources */ = {isa = PBXBuildFile; fileRef = F34780D8256D4114005BD5A4 /* LaunchScreen.storyboard */; };
		F34780E5256D4114005BD5A4 /* ParsestagramTests.swift in Sources */ = {isa = PBXBuildFile; fileRef = F34780E4256D4114005BD5A4 /* ParsestagramTests.swift */; };
		F34780F0256D4115005BD5A4 /* ParsestagramUITests.swift in Sources */ = {isa = PBXBuildFile; fileRef = F34780EF256D4115005BD5A4 /* ParsestagramUITests.swift */; };
/* End PBXBuildFile section */

/* Begin PBXContainerItemProxy section */
		F34780E1256D4114005BD5A4 /* PBXContainerItemProxy */ = {
			isa = PBXContainerItemProxy;
			containerPortal = F34780C2256D4114005BD5A4 /* Project object */;
			proxyType = 1;
			remoteGlobalIDString = F34780C9256D4114005BD5A4;
			remoteInfo = Parsestagram;
		};
		F34780EC256D4115005BD5A4 /* PBXContainerItemProxy */ = {
			isa = PBXContainerItemProxy;
			containerPortal = F34780C2256D4114005BD5A4 /* Project object */;
			proxyType = 1;
			remoteGlobalIDString = F34780C9256D4114005BD5A4;
			remoteInfo = Parsestagram;
		};
/* End PBXContainerItemProxy section */

/* Begin PBXFileReference section */
		F34780CA256D4114005BD5A4 /* Parsestagram.app */ = {isa = PBXFileReference; explicitFileType = wrapper.application; includeInIndex = 0; path = Parsestagram.app; sourceTree = BUILT_PRODUCTS_DIR; };
		F34780CD256D4114005BD5A4 /* AppDelegate.swift */ = {isa = PBXFileReference; lastKnownFileType = sourcecode.swift; path = AppDelegate.swift; sourceTree = "<group>"; };
		F34780CF256D4114005BD5A4 /* SceneDelegate.swift */ = {isa = PBXFileReference; lastKnownFileType = sourcecode.swift; path = SceneDelegate.swift; sourceTree = "<group>"; };
		F34780D1256D4114005BD5A4 /* ViewController.swift */ = {isa = PBXFileReference; lastKnownFileType = sourcecode.swift; path = ViewController.swift; sourceTree = "<group>"; };
		F34780D4256D4114005BD5A4 /* Base */ = {isa = PBXFileReference; lastKnownFileType = file.storyboard; name = Base; path = Base.lproj/Main.storyboard; sourceTree = "<group>"; };
		F34780D6256D4114005BD5A4 /* Assets.xcassets */ = {isa = PBXFileReference; lastKnownFileType = folder.assetcatalog; path = Assets.xcassets; sourceTree = "<group>"; };
		F34780D9256D4114005BD5A4 /* Base */ = {isa = PBXFileReference; lastKnownFileType = file.storyboard; name = Base; path = Base.lproj/LaunchScreen.storyboard; sourceTree = "<group>"; };
		F34780DB256D4114005BD5A4 /* Info.plist */ = {isa = PBXFileReference; lastKnownFileType = text.plist.xml; path = Info.plist; sourceTree = "<group>"; };
		F34780E0256D4114005BD5A4 /* ParsestagramTests.xctest */ = {isa = PBXFileReference; explicitFileType = wrapper.cfbundle; includeInIndex = 0; path = ParsestagramTests.xctest; sourceTree = BUILT_PRODUCTS_DIR; };
		F34780E4256D4114005BD5A4 /* ParsestagramTests.swift */ = {isa = PBXFileReference; lastKnownFileType = sourcecode.swift; path = ParsestagramTests.swift; sourceTree = "<group>"; };
		F34780E6256D4114005BD5A4 /* Info.plist */ = {isa = PBXFileReference; lastKnownFileType = text.plist.xml; path = Info.plist; sourceTree = "<group>"; };
		F34780EB256D4115005BD5A4 /* ParsestagramUITests.xctest */ = {isa = PBXFileReference; explicitFileType = wrapper.cfbundle; includeInIndex = 0; path = ParsestagramUITests.xctest; sourceTree = BUILT_PRODUCTS_DIR; };
		F34780EF256D4115005BD5A4 /* ParsestagramUITests.swift */ = {isa = PBXFileReference; lastKnownFileType = sourcecode.swift; path = ParsestagramUITests.swift; sourceTree = "<group>"; };
		F34780F1256D4115005BD5A4 /* Info.plist */ = {isa = PBXFileReference; lastKnownFileType = text.plist.xml; path = Info.plist; sourceTree = "<group>"; };
/* End PBXFileReference section */

/* Begin PBXFrameworksBuildPhase section */
		F34780C7256D4114005BD5A4 /* Frameworks */ = {
			isa = PBXFrameworksBuildPhase;
			buildActionMask = 2147483647;
			files = (
			);
			runOnlyForDeploymentPostprocessing = 0;
		};
		F34780DD256D4114005BD5A4 /* Frameworks */ = {
			isa = PBXFrameworksBuildPhase;
			buildActionMask = 2147483647;
			files = (
			);
			runOnlyForDeploymentPostprocessing = 0;
		};
		F34780E8256D4115005BD5A4 /* Frameworks */ = {
			isa = PBXFrameworksBuildPhase;
			buildActionMask = 2147483647;
			files = (
			);
			runOnlyForDeploymentPostprocessing = 0;
		};
/* End PBXFrameworksBuildPhase section */

/* Begin PBXGroup section */
		F34780C1256D4114005BD5A4 = {
			isa = PBXGroup;
			children = (
				F34780CC256D4114005BD5A4 /* Parsestagram */,
				F34780E3256D4114005BD5A4 /* ParsestagramTests */,
				F34780EE256D4115005BD5A4 /* ParsestagramUITests */,
				F34780CB256D4114005BD5A4 /* Products */,
			);
			sourceTree = "<group>";
		};
		F34780CB256D4114005BD5A4 /* Products */ = {
			isa = PBXGroup;
			children = (
				F34780CA256D4114005BD5A4 /* Parsestagram.app */,
				F34780E0256D4114005BD5A4 /* ParsestagramTests.xctest */,
				F34780EB256D4115005BD5A4 /* ParsestagramUITests.xctest */,
			);
			name = Products;
			sourceTree = "<group>";
		};
		F34780CC256D4114005BD5A4 /* Parsestagram */ = {
			isa = PBXGroup;
			children = (
				F34780CD256D4114005BD5A4 /* AppDelegate.swift */,
				F34780CF256D4114005BD5A4 /* SceneDelegate.swift */,
				F34780D1256D4114005BD5A4 /* ViewController.swift */,
				F34780D3256D4114005BD5A4 /* Main.storyboard */,
				F34780D6256D4114005BD5A4 /* Assets.xcassets */,
				F34780D8256D4114005BD5A4 /* LaunchScreen.storyboard */,
				F34780DB256D4114005BD5A4 /* Info.plist */,
			);
			path = Parsestagram;
			sourceTree = "<group>";
		};
		F34780E3256D4114005BD5A4 /* ParsestagramTests */ = {
			isa = PBXGroup;
			children = (
				F34780E4256D4114005BD5A4 /* ParsestagramTests.swift */,
				F34780E6256D4114005BD5A4 /* Info.plist */,
			);
			path = ParsestagramTests;
			sourceTree = "<group>";
		};
		F34780EE256D4115005BD5A4 /* ParsestagramUITests */ = {
			isa = PBXGroup;
			children = (
				F34780EF256D4115005BD5A4 /* ParsestagramUITests.swift */,
				F34780F1256D4115005BD5A4 /* Info.plist */,
			);
			path = ParsestagramUITests;
			sourceTree = "<group>";
		};
/* End PBXGroup section */

/* Begin PBXNativeTarget section */
		F34780C9256D4114005BD5A4 /* Parsestagram */ = {
			isa = PBXNativeTarget;
			buildConfigurationList = F34780F4256D4115005BD5A4 /* Build configuration list for PBXNativeTarget "Parsestagram" */;
			buildPhases = (
				F34780C6256D4114005BD5A4 /* Sources */,
				F34780C7256D4114005BD5A4 /* Frameworks */,
				F34780C8256D4114005BD5A4 /* Resources */,
			);
			buildRules = (
			);
			dependencies = (
			);
			name = Parsestagram;
			productName = Parsestagram;
			productReference = F34780CA256D4114005BD5A4 /* Parsestagram.app */;
			productType = "com.apple.product-type.application";
		};
		F34780DF256D4114005BD5A4 /* ParsestagramTests */ = {
			isa = PBXNativeTarget;
			buildConfigurationList = F34780F7256D4115005BD5A4 /* Build configuration list for PBXNativeTarget "ParsestagramTests" */;
			buildPhases = (
				F34780DC256D4114005BD5A4 /* Sources */,
				F34780DD256D4114005BD5A4 /* Frameworks */,
				F34780DE256D4114005BD5A4 /* Resources */,
			);
			buildRules = (
			);
			dependencies = (
				F34780E2256D4114005BD5A4 /* PBXTargetDependency */,
			);
			name = ParsestagramTests;
			productName = ParsestagramTests;
			productReference = F34780E0256D4114005BD5A4 /* ParsestagramTests.xctest */;
			productType = "com.apple.product-type.bundle.unit-test";
		};
		F34780EA256D4115005BD5A4 /* ParsestagramUITests */ = {
			isa = PBXNativeTarget;
			buildConfigurationList = F34780FA256D4115005BD5A4 /* Build configuration list for PBXNativeTarget "ParsestagramUITests" */;
			buildPhases = (
				F34780E7256D4115005BD5A4 /* Sources */,
				F34780E8256D4115005BD5A4 /* Frameworks */,
				F34780E9256D4115005BD5A4 /* Resources */,
			);
			buildRules = (
			);
			dependencies = (
				F34780ED256D4115005BD5A4 /* PBXTargetDependency */,
			);
			name = ParsestagramUITests;
			productName = ParsestagramUITests;
			productReference = F34780EB256D4115005BD5A4 /* ParsestagramUITests.xctest */;
			productType = "com.apple.product-type.bundle.ui-testing";
		};
/* End PBXNativeTarget section */

/* Begin PBXProject section */
		F34780C2256D4114005BD5A4 /* Project object */ = {
			isa = PBXProject;
			attributes = {
				LastSwiftUpdateCheck = 1220;
				LastUpgradeCheck = 1220;
				TargetAttributes = {
					F34780C9256D4114005BD5A4 = {
						CreatedOnToolsVersion = 12.2;
					};
					F34780DF256D4114005BD5A4 = {
						CreatedOnToolsVersion = 12.2;
						TestTargetID = F34780C9256D4114005BD5A4;
					};
					F34780EA256D4115005BD5A4 = {
						CreatedOnToolsVersion = 12.2;
						TestTargetID = F34780C9256D4114005BD5A4;
					};
				};
			};
			buildConfigurationList = F34780C5256D4114005BD5A4 /* Build configuration list for PBXProject "Parsestagram" */;
			compatibilityVersion = "Xcode 9.3";
			developmentRegion = en;
			hasScannedForEncodings = 0;
			knownRegions = (
				en,
				Base,
			);
			mainGroup = F34780C1256D4114005BD5A4;
			productRefGroup = F34780CB256D4114005BD5A4 /* Products */;
			projectDirPath = "";
			projectRoot = "";
			targets = (
				F34780C9256D4114005BD5A4 /* Parsestagram */,
				F34780DF256D4114005BD5A4 /* ParsestagramTests */,
				F34780EA256D4115005BD5A4 /* ParsestagramUITests */,
			);
		};
/* End PBXProject section */

/* Begin PBXResourcesBuildPhase section */
		F34780C8256D4114005BD5A4 /* Resources */ = {
			isa = PBXResourcesBuildPhase;
			buildActionMask = 2147483647;
			files = (
				F34780DA256D4114005BD5A4 /* LaunchScreen.storyboard in Resources */,
				F34780D7256D4114005BD5A4 /* Assets.xcassets in Resources */,
				F34780D5256D4114005BD5A4 /* Main.storyboard in Resources */,
			);
			runOnlyForDeploymentPostprocessing = 0;
		};
		F34780DE256D4114005BD5A4 /* Resources */ = {
			isa = PBXResourcesBuildPhase;
			buildActionMask = 2147483647;
			files = (
			);
			runOnlyForDeploymentPostprocessing = 0;
		};
		F34780E9256D4115005BD5A4 /* Resources */ = {
			isa = PBXResourcesBuildPhase;
			buildActionMask = 2147483647;
			files = (
			);
			runOnlyForDeploymentPostprocessing = 0;
		};
/* End PBXResourcesBuildPhase section */

/* Begin PBXSourcesBuildPhase section */
		F34780C6256D4114005BD5A4 /* Sources */ = {
			isa = PBXSourcesBuildPhase;
			buildActionMask = 2147483647;
			files = (
				F34780D2256D4114005BD5A4 /* ViewController.swift in Sources */,
				F34780CE256D4114005BD5A4 /* AppDelegate.swift in Sources */,
				F34780D0256D4114005BD5A4 /* SceneDelegate.swift in Sources */,
			);
			runOnlyForDeploymentPostprocessing = 0;
		};
		F34780DC256D4114005BD5A4 /* Sources */ = {
			isa = PBXSourcesBuildPhase;
			buildActionMask = 2147483647;
			files = (
				F34780E5256D4114005BD5A4 /* ParsestagramTests.swift in Sources */,
			);
			runOnlyForDeploymentPostprocessing = 0;
		};
		F34780E7256D4115005BD5A4 /* Sources */ = {
			isa = PBXSourcesBuildPhase;
			buildActionMask = 2147483647;
			files = (
				F34780F0256D4115005BD5A4 /* ParsestagramUITests.swift in Sources */,
			);
			runOnlyForDeploymentPostprocessing = 0;
		};
/* End PBXSourcesBuildPhase section */

/* Begin PBXTargetDependency section */
		F34780E2256D4114005BD5A4 /* PBXTargetDependency */ = {
			isa = PBXTargetDependency;
			target = F34780C9256D4114005BD5A4 /* Parsestagram */;
			targetProxy = F34780E1256D4114005BD5A4 /* PBXContainerItemProxy */;
		};
		F34780ED256D4115005BD5A4 /* PBXTargetDependency */ = {
			isa = PBXTargetDependency;
			target = F34780C9256D4114005BD5A4 /* Parsestagram */;
			targetProxy = F34780EC256D4115005BD5A4 /* PBXContainerItemProxy */;
		};
/* End PBXTargetDependency section */

/* Begin PBXVariantGroup section */
		F34780D3256D4114005BD5A4 /* Main.storyboard */ = {
			isa = PBXVariantGroup;
			children = (
				F34780D4256D4114005BD5A4 /* Base */,
			);
			name = Main.storyboard;
			sourceTree = "<group>";
		};
		F34780D8256D4114005BD5A4 /* LaunchScreen.storyboard */ = {
			isa = PBXVariantGroup;
			children = (
				F34780D9256D4114005BD5A4 /* Base */,
			);
			name = LaunchScreen.storyboard;
			sourceTree = "<group>";
		};
/* End PBXVariantGroup section */

/* Begin XCBuildConfiguration section */
		F34780F2256D4115005BD5A4 /* Debug */ = {
			isa = XCBuildConfiguration;
			buildSettings = {
				ALWAYS_SEARCH_USER_PATHS = NO;
				CLANG_ANALYZER_NONNULL = YES;
				CLANG_ANALYZER_NUMBER_OBJECT_CONVERSION = YES_AGGRESSIVE;
				CLANG_CXX_LANGUAGE_STANDARD = "gnu++14";
				CLANG_CXX_LIBRARY = "libc++";
				CLANG_ENABLE_MODULES = YES;
				CLANG_ENABLE_OBJC_ARC = YES;
				CLANG_ENABLE_OBJC_WEAK = YES;
				CLANG_WARN_BLOCK_CAPTURE_AUTORELEASING = YES;
				CLANG_WARN_BOOL_CONVERSION = YES;
				CLANG_WARN_COMMA = YES;
				CLANG_WARN_CONSTANT_CONVERSION = YES;
				CLANG_WARN_DEPRECATED_OBJC_IMPLEMENTATIONS = YES;
				CLANG_WARN_DIRECT_OBJC_ISA_USAGE = YES_ERROR;
				CLANG_WARN_DOCUMENTATION_COMMENTS = YES;
				CLANG_WARN_EMPTY_BODY = YES;
				CLANG_WARN_ENUM_CONVERSION = YES;
				CLANG_WARN_INFINITE_RECURSION = YES;
				CLANG_WARN_INT_CONVERSION = YES;
				CLANG_WARN_NON_LITERAL_NULL_CONVERSION = YES;
				CLANG_WARN_OBJC_IMPLICIT_RETAIN_SELF = YES;
				CLANG_WARN_OBJC_LITERAL_CONVERSION = YES;
				CLANG_WARN_OBJC_ROOT_CLASS = YES_ERROR;
				CLANG_WARN_QUOTED_INCLUDE_IN_FRAMEWORK_HEADER = YES;
				CLANG_WARN_RANGE_LOOP_ANALYSIS = YES;
				CLANG_WARN_STRICT_PROTOTYPES = YES;
				CLANG_WARN_SUSPICIOUS_MOVE = YES;
				CLANG_WARN_UNGUARDED_AVAILABILITY = YES_AGGRESSIVE;
				CLANG_WARN_UNREACHABLE_CODE = YES;
				CLANG_WARN__DUPLICATE_METHOD_MATCH = YES;
				COPY_PHASE_STRIP = NO;
				DEBUG_INFORMATION_FORMAT = dwarf;
				ENABLE_STRICT_OBJC_MSGSEND = YES;
				ENABLE_TESTABILITY = YES;
				GCC_C_LANGUAGE_STANDARD = gnu11;
				GCC_DYNAMIC_NO_PIC = NO;
				GCC_NO_COMMON_BLOCKS = YES;
				GCC_OPTIMIZATION_LEVEL = 0;
				GCC_PREPROCESSOR_DEFINITIONS = (
					"DEBUG=1",
					"$(inherited)",
				);
				GCC_WARN_64_TO_32_BIT_CONVERSION = YES;
				GCC_WARN_ABOUT_RETURN_TYPE = YES_ERROR;
				GCC_WARN_UNDECLARED_SELECTOR = YES;
				GCC_WARN_UNINITIALIZED_AUTOS = YES_AGGRESSIVE;
				GCC_WARN_UNUSED_FUNCTION = YES;
				GCC_WARN_UNUSED_VARIABLE = YES;
				IPHONEOS_DEPLOYMENT_TARGET = 14.2;
				MTL_ENABLE_DEBUG_INFO = INCLUDE_SOURCE;
				MTL_FAST_MATH = YES;
				ONLY_ACTIVE_ARCH = YES;
				SDKROOT = iphoneos;
				SWIFT_ACTIVE_COMPILATION_CONDITIONS = DEBUG;
				SWIFT_OPTIMIZATION_LEVEL = "-Onone";
			};
			name = Debug;
		};
		F34780F3256D4115005BD5A4 /* Release */ = {
			isa = XCBuildConfiguration;
			buildSettings = {
				ALWAYS_SEARCH_USER_PATHS = NO;
				CLANG_ANALYZER_NONNULL = YES;
				CLANG_ANALYZER_NUMBER_OBJECT_CONVERSION = YES_AGGRESSIVE;
				CLANG_CXX_LANGUAGE_STANDARD = "gnu++14";
				CLANG_CXX_LIBRARY = "libc++";
				CLANG_ENABLE_MODULES = YES;
				CLANG_ENABLE_OBJC_ARC = YES;
				CLANG_ENABLE_OBJC_WEAK = YES;
				CLANG_WARN_BLOCK_CAPTURE_AUTORELEASING = YES;
				CLANG_WARN_BOOL_CONVERSION = YES;
				CLANG_WARN_COMMA = YES;
				CLANG_WARN_CONSTANT_CONVERSION = YES;
				CLANG_WARN_DEPRECATED_OBJC_IMPLEMENTATIONS = YES;
				CLANG_WARN_DIRECT_OBJC_ISA_USAGE = YES_ERROR;
				CLANG_WARN_DOCUMENTATION_COMMENTS = YES;
				CLANG_WARN_EMPTY_BODY = YES;
				CLANG_WARN_ENUM_CONVERSION = YES;
				CLANG_WARN_INFINITE_RECURSION = YES;
				CLANG_WARN_INT_CONVERSION = YES;
				CLANG_WARN_NON_LITERAL_NULL_CONVERSION = YES;
				CLANG_WARN_OBJC_IMPLICIT_RETAIN_SELF = YES;
				CLANG_WARN_OBJC_LITERAL_CONVERSION = YES;
				CLANG_WARN_OBJC_ROOT_CLASS = YES_ERROR;
				CLANG_WARN_QUOTED_INCLUDE_IN_FRAMEWORK_HEADER = YES;
				CLANG_WARN_RANGE_LOOP_ANALYSIS = YES;
				CLANG_WARN_STRICT_PROTOTYPES = YES;
				CLANG_WARN_SUSPICIOUS_MOVE = YES;
				CLANG_WARN_UNGUARDED_AVAILABILITY = YES_AGGRESSIVE;
				CLANG_WARN_UNREACHABLE_CODE = YES;
				CLANG_WARN__DUPLICATE_METHOD_MATCH = YES;
				COPY_PHASE_STRIP = NO;
				DEBUG_INFORMATION_FORMAT = "dwarf-with-dsym";
				ENABLE_NS_ASSERTIONS = NO;
				ENABLE_STRICT_OBJC_MSGSEND = YES;
				GCC_C_LANGUAGE_STANDARD = gnu11;
				GCC_NO_COMMON_BLOCKS = YES;
				GCC_WARN_64_TO_32_BIT_CONVERSION = YES;
				GCC_WARN_ABOUT_RETURN_TYPE = YES_ERROR;
				GCC_WARN_UNDECLARED_SELECTOR = YES;
				GCC_WARN_UNINITIALIZED_AUTOS = YES_AGGRESSIVE;
				GCC_WARN_UNUSED_FUNCTION = YES;
				GCC_WARN_UNUSED_VARIABLE = YES;
				IPHONEOS_DEPLOYMENT_TARGET = 14.2;
				MTL_ENABLE_DEBUG_INFO = NO;
				MTL_FAST_MATH = YES;
				SDKROOT = iphoneos;
				SWIFT_COMPILATION_MODE = wholemodule;
				SWIFT_OPTIMIZATION_LEVEL = "-O";
				VALIDATE_PRODUCT = YES;
			};
			name = Release;
		};
		F34780F5256D4115005BD5A4 /* Debug */ = {
			isa = XCBuildConfiguration;
			buildSettings = {
				ASSETCATALOG_COMPILER_APPICON_NAME = AppIcon;
				ASSETCATALOG_COMPILER_GLOBAL_ACCENT_COLOR_NAME = AccentColor;
				CODE_SIGN_STYLE = Automatic;
				INFOPLIST_FILE = Parsestagram/Info.plist;
				LD_RUNPATH_SEARCH_PATHS = (
					"$(inherited)",
					"@executable_path/Frameworks",
				);
				PRODUCT_BUNDLE_IDENTIFIER = CodePath.Parsestagram;
				PRODUCT_NAME = "$(TARGET_NAME)";
				SWIFT_VERSION = 5.0;
				TARGETED_DEVICE_FAMILY = "1,2";
			};
			name = Debug;
		};
		F34780F6256D4115005BD5A4 /* Release */ = {
			isa = XCBuildConfiguration;
			buildSettings = {
				ASSETCATALOG_COMPILER_APPICON_NAME = AppIcon;
				ASSETCATALOG_COMPILER_GLOBAL_ACCENT_COLOR_NAME = AccentColor;
				CODE_SIGN_STYLE = Automatic;
				INFOPLIST_FILE = Parsestagram/Info.plist;
				LD_RUNPATH_SEARCH_PATHS = (
					"$(inherited)",
					"@executable_path/Frameworks",
				);
				PRODUCT_BUNDLE_IDENTIFIER = CodePath.Parsestagram;
				PRODUCT_NAME = "$(TARGET_NAME)";
				SWIFT_VERSION = 5.0;
				TARGETED_DEVICE_FAMILY = "1,2";
			};
			name = Release;
		};
		F34780F8256D4115005BD5A4 /* Debug */ = {
			isa = XCBuildConfiguration;
			buildSettings = {
				ALWAYS_EMBED_SWIFT_STANDARD_LIBRARIES = YES;
				BUNDLE_LOADER = "$(TEST_HOST)";
				CODE_SIGN_STYLE = Automatic;
				INFOPLIST_FILE = ParsestagramTests/Info.plist;
				IPHONEOS_DEPLOYMENT_TARGET = 14.2;
				LD_RUNPATH_SEARCH_PATHS = (
					"$(inherited)",
					"@executable_path/Frameworks",
					"@loader_path/Frameworks",
				);
				PRODUCT_BUNDLE_IDENTIFIER = CodePath.ParsestagramTests;
				PRODUCT_NAME = "$(TARGET_NAME)";
				SWIFT_VERSION = 5.0;
				TARGETED_DEVICE_FAMILY = "1,2";
				TEST_HOST = "$(BUILT_PRODUCTS_DIR)/Parsestagram.app/Parsestagram";
			};
			name = Debug;
		};
		F34780F9256D4115005BD5A4 /* Release */ = {
			isa = XCBuildConfiguration;
			buildSettings = {
				ALWAYS_EMBED_SWIFT_STANDARD_LIBRARIES = YES;
				BUNDLE_LOADER = "$(TEST_HOST)";
				CODE_SIGN_STYLE = Automatic;
				INFOPLIST_FILE = ParsestagramTests/Info.plist;
				IPHONEOS_DEPLOYMENT_TARGET = 14.2;
				LD_RUNPATH_SEARCH_PATHS = (
					"$(inherited)",
					"@executable_path/Frameworks",
					"@loader_path/Frameworks",
				);
				PRODUCT_BUNDLE_IDENTIFIER = CodePath.ParsestagramTests;
				PRODUCT_NAME = "$(TARGET_NAME)";
				SWIFT_VERSION = 5.0;
				TARGETED_DEVICE_FAMILY = "1,2";
				TEST_HOST = "$(BUILT_PRODUCTS_DIR)/Parsestagram.app/Parsestagram";
			};
			name = Release;
		};
		F34780FB256D4115005BD5A4 /* Debug */ = {
			isa = XCBuildConfiguration;
			buildSettings = {
				ALWAYS_EMBED_SWIFT_STANDARD_LIBRARIES = YES;
				CODE_SIGN_STYLE = Automatic;
				INFOPLIST_FILE = ParsestagramUITests/Info.plist;
				LD_RUNPATH_SEARCH_PATHS = (
					"$(inherited)",
					"@executable_path/Frameworks",
					"@loader_path/Frameworks",
				);
				PRODUCT_BUNDLE_IDENTIFIER = CodePath.ParsestagramUITests;
				PRODUCT_NAME = "$(TARGET_NAME)";
				SWIFT_VERSION = 5.0;
				TARGETED_DEVICE_FAMILY = "1,2";
				TEST_TARGET_NAME = Parsestagram;
			};
			name = Debug;
		};
		F34780FC256D4115005BD5A4 /* Release */ = {
			isa = XCBuildConfiguration;
			buildSettings = {
				ALWAYS_EMBED_SWIFT_STANDARD_LIBRARIES = YES;
				CODE_SIGN_STYLE = Automatic;
				INFOPLIST_FILE = ParsestagramUITests/Info.plist;
				LD_RUNPATH_SEARCH_PATHS = (
					"$(inherited)",
					"@executable_path/Frameworks",
					"@loader_path/Frameworks",
				);
				PRODUCT_BUNDLE_IDENTIFIER = CodePath.ParsestagramUITests;
				PRODUCT_NAME = "$(TARGET_NAME)";
				SWIFT_VERSION = 5.0;
				TARGETED_DEVICE_FAMILY = "1,2";
				TEST_TARGET_NAME = Parsestagram;
			};
			name = Release;
		};
/* End XCBuildConfiguration section */

/* Begin XCConfigurationList section */
		F34780C5256D4114005BD5A4 /* Build configuration list for PBXProject "Parsestagram" */ = {
			isa = XCConfigurationList;
			buildConfigurations = (
				F34780F2256D4115005BD5A4 /* Debug */,
				F34780F3256D4115005BD5A4 /* Release */,
			);
			defaultConfigurationIsVisible = 0;
			defaultConfigurationName = Release;
		};
		F34780F4256D4115005BD5A4 /* Build configuration list for PBXNativeTarget "Parsestagram" */ = {
			isa = XCConfigurationList;
			buildConfigurations = (
				F34780F5256D4115005BD5A4 /* Debug */,
				F34780F6256D4115005BD5A4 /* Release */,
			);
			defaultConfigurationIsVisible = 0;
			defaultConfigurationName = Release;
		};
		F34780F7256D4115005BD5A4 /* Build configuration list for PBXNativeTarget "ParsestagramTests" */ = {
			isa = XCConfigurationList;
			buildConfigurations = (
				F34780F8256D4115005BD5A4 /* Debug */,
				F34780F9256D4115005BD5A4 /* Release */,
			);
			defaultConfigurationIsVisible = 0;
			defaultConfigurationName = Release;
		};
		F34780FA256D4115005BD5A4 /* Build configuration list for PBXNativeTarget "ParsestagramUITests" */ = {
			isa = XCConfigurationList;
			buildConfigurations = (
				F34780FB256D4115005BD5A4 /* Debug */,
				F34780FC256D4115005BD5A4 /* Release */,
			);
			defaultConfigurationIsVisible = 0;
			defaultConfigurationName = Release;
		};
/* End XCConfigurationList section */
	};
	rootObject = F34780C2256D4114005BD5A4 /* Project object */;
}
